
Microsoft Visual Studio Solution File, Format Version 12.00
# Visual Studio Version 17
VisualStudioVersion = 17.9.34728.123
MinimumVisualStudioVersion = 10.0.40219.1
Project("{FAE04EC0-301F-11D3-BF4B-00C04F79EFBC}") = "TCPSimpleProtocol", "TCPSimpleProtocol\TCPSimpleProtocol.csproj", "{B1DFF808-77AA-48E5-91B2-20A84A502F74}"
EndProject
Global
	GlobalSection(SolutionConfigurationPlatforms) = preSolution
		Debug|Any CPU = Debug|Any CPU
		Release|Any CPU = Release|Any CPU
	EndGlobalSection
	GlobalSection(ProjectConfigurationPlatforms) = postSolution
		{B1DFF808-77AA-48E5-91B2-20A84A502F74}.Debug|Any CPU.ActiveCfg = Debug|Any CPU
		{B1DFF808-77AA-48E5-91B2-20A84A502F74}.Debug|Any CPU.Build.0 = Debug|Any CPU
		{B1DFF808-77AA-48E5-91B2-20A84A502F74}.Release|Any CPU.ActiveCfg = Release|Any CPU
		{B1DFF808-77AA-48E5-91B2-20A84A502F74}.Release|Any CPU.Build.0 = Release|Any CPU
	EndGlobalSection
	GlobalSection(SolutionProperties) = preSolution
		HideSolutionNode = FALSE
	EndGlobalSection
	GlobalSection(ExtensibilityGlobals) = postSolution
		SolutionGuid = {BA4D254D-0766-4A74-B3C4-CF05C2C015B8}
	EndGlobalSection
EndGlobal
